{
  "name": "crl-streams",
  "version": "1.0.0",
  "lockfileVersion": 2,
  "requires": true,
  "packages": {
    "": {
      "name": "crl-streams",
      "version": "1.0.0",
      "license": "ISC",
      "dependencies": {
        "@prisma/client": "^3.4.2"
      },
      "devDependencies": {
        "prisma": "^3.4.2"
      }
    },
    "node_modules/@prisma/client": {
      "version": "3.4.2",
      "resolved": "https://registry.npmjs.org/@prisma/client/-/client-3.4.2.tgz",
      "integrity": "sha512-HyQGq9m1V99zpNSJ/FojZJnvzqWUd18ErIXwxLzSuurS23XlhHEPtxgpxJaegBmjsr/KCYqcXFOPmM1gRLpI0w==",
      "hasInstallScript": true,
      "dependencies": {
        "@prisma/engines-version": "3.4.1-2.57771c0558568c7d08bd34c7248af5244ae16bd9"
      },
      "engines": {
        "node": ">=12.6"
      },
      "peerDependencies": {
        "prisma": "*"
      },
      "peerDependenciesMeta": {
        "prisma": {
          "optional": true
        }
      }
    },
    "node_modules/@prisma/engines": {
      "version": "3.4.1-2.57771c0558568c7d08bd34c7248af5244ae16bd9",
      "resolved": "https://registry.npmjs.org/@prisma/engines/-/engines-3.4.1-2.57771c0558568c7d08bd34c7248af5244ae16bd9.tgz",
      "integrity": "sha512-NO4Q88k3CfUpYzfpDD+0wSVCqhaeljCFAGSe1XyvmXAOlMU2AAjCwmRn6S4UXlT9yEGB/LwFjdvGjcgfUQ+Mtw==",
      "devOptional": true,
      "hasInstallScript": true
    },
    "node_modules/@prisma/engines-version": {
      "version": "3.4.1-2.57771c0558568c7d08bd34c7248af5244ae16bd9",
      "resolved": "https://registry.npmjs.org/@prisma/engines-version/-/engines-version-3.4.1-2.57771c0558568c7d08bd34c7248af5244ae16bd9.tgz",
      "integrity": "sha512-H8bnBT5jLap+0nULBAGjf+xb5XNn4d60U4J9cck+UanyEkeMS3aYCeHvNiQl46XwvN60jkUX8BwV3NOEmPh0SQ=="
    },
    "node_modules/prisma": {
      "version": "3.4.2",
      "resolved": "https://registry.npmjs.org/prisma/-/prisma-3.4.2.tgz",
      "integrity": "sha512-wOD1lni7MfH/Qkp5SAkUthLKG+pQcpD31Nm8nAKj9ESgqId/dy+JDSTYOuk/pySvFyby/A+bsAPWIaVmo7qqhQ==",
      "devOptional": true,
      "hasInstallScript": true,
      "dependencies": {
        "@prisma/engines": "3.4.1-2.57771c0558568c7d08bd34c7248af5244ae16bd9"
      },
      "bin": {
        "prisma": "build/index.js",
        "prisma2": "build/index.js"
      },
      "engines": {
        "node": ">=12.6"
      }
    }
  },
  "dependencies": {
    "@prisma/client": {
      "version": "3.4.2",
      "resolved": "https://registry.npmjs.org/@prisma/client/-/client-3.4.2.tgz",
      "integrity": "sha512-HyQGq9m1V99zpNSJ/FojZJnvzqWUd18ErIXwxLzSuurS23XlhHEPtxgpxJaegBmjsr/KCYqcXFOPmM1gRLpI0w==",
      "requires": {
        "@prisma/engines-version": "3.4.1-2.57771c0558568c7d08bd34c7248af5244ae16bd9"
      }
    },
    "@prisma/engines": {
      "version": "3.4.1-2.57771c0558568c7d08bd34c7248af5244ae16bd9",
      "resolved": "https://registry.npmjs.org/@prisma/engines/-/engines-3.4.1-2.57771c0558568c7d08bd34c7248af5244ae16bd9.tgz",
      "integrity": "sha512-NO4Q88k3CfUpYzfpDD+0wSVCqhaeljCFAGSe1XyvmXAOlMU2AAjCwmRn6S4UXlT9yEGB/LwFjdvGjcgfUQ+Mtw==",
      "devOptional": true
    },
    "@prisma/engines-version": {
      "version": "3.4.1-2.57771c0558568c7d08bd34c7248af5244ae16bd9",
      "resolved": "https://registry.npmjs.org/@prisma/engines-version/-/engines-version-3.4.1-2.57771c0558568c7d08bd34c7248af5244ae16bd9.tgz",
      "integrity": "sha512-H8bnBT5jLap+0nULBAGjf+xb5XNn4d60U4J9cck+UanyEkeMS3aYCeHvNiQl46XwvN60jkUX8BwV3NOEmPh0SQ=="
    },
    "prisma": {
      "version": "3.4.2",
      "resolved": "https://registry.npmjs.org/prisma/-/prisma-3.4.2.tgz",
      "integrity": "sha512-wOD1lni7MfH/Qkp5SAkUthLKG+pQcpD31Nm8nAKj9ESgqId/dy+JDSTYOuk/pySvFyby/A+bsAPWIaVmo7qqhQ==",
      "devOptional": true,
      "requires": {
        "@prisma/engines": "3.4.1-2.57771c0558568c7d08bd34c7248af5244ae16bd9"
      }
    }
  }
}
